# This file is automatically @generated by Cargo.
# It is not intended for manual editing.
version = 3

[[package]]
name = "b3-display-handler"
version = "0.1.2"
source = "registry+https://github.com/rust-lang/crates.io-index"
checksum = "6bf279efc6a023a628f6615832a2d0abb66686435173f98dedca7d3e1376e345"

[[package]]
name = "b3-framework"
version = "0.1.0"
dependencies = [
 "b3-display-handler",
]
